
Microsoft Visual Studio Solution File, Format Version 12.00
# Visual Studio Version 17
VisualStudioVersion = 17.5.33627.172
MinimumVisualStudioVersion = 10.0.40219.1
Project("{FAE04EC0-301F-11D3-BF4B-00C04F79EFBC}") = "NativeAudioGen", "NativeAudioGen.csproj", "{566C2726-BAA8-4850-9D7F-3216EB9761F1}"
EndProject
Global
	GlobalSection(SolutionConfigurationPlatforms) = preSolution
		Debug|Any CPU = Debug|Any CPU
		Release|Any CPU = Release|Any CPU
	EndGlobalSection
	GlobalSection(ProjectConfigurationPlatforms) = postSolution
		{566C2726-BAA8-4850-9D7F-3216EB9761F1}.Debug|Any CPU.ActiveCfg = Debug|Any CPU
		{566C2726-BAA8-4850-9D7F-3216EB9761F1}.Debug|Any CPU.Build.0 = Debug|Any CPU
		{566C2726-BAA8-4850-9D7F-3216EB9761F1}.Release|Any CPU.ActiveCfg = Release|Any CPU
		{566C2726-BAA8-4850-9D7F-3216EB9761F1}.Release|Any CPU.Build.0 = Release|Any CPU
	EndGlobalSection
	GlobalSection(SolutionProperties) = preSolution
		HideSolutionNode = FALSE
	EndGlobalSection
	GlobalSection(ExtensibilityGlobals) = postSolution
		SolutionGuid = {738A45F5-01EA-4D53-959E-8B87F7E76ED0}
	EndGlobalSection
EndGlobal
